
Microsoft Visual Studio Solution File, Format Version 12.00
# Visual Studio Version 16
VisualStudioVersion = 16.0.29911.84
MinimumVisualStudioVersion = 10.0.40219.1
Project("{FAE04EC0-301F-11D3-BF4B-00C04F79EFBC}") = "GG_MVC", "GG_MVC.csproj", "{680BBDF1-F60C-42DE-83C9-A900A800409C}"
EndProject
Global
	GlobalSection(SolutionConfigurationPlatforms) = preSolution
		Debug|Any CPU = Debug|Any CPU
		Release|Any CPU = Release|Any CPU
	EndGlobalSection
	GlobalSection(ProjectConfigurationPlatforms) = postSolution
		{680BBDF1-F60C-42DE-83C9-A900A800409C}.Debug|Any CPU.ActiveCfg = Debug|Any CPU
		{680BBDF1-F60C-42DE-83C9-A900A800409C}.Debug|Any CPU.Build.0 = Debug|Any CPU
		{680BBDF1-F60C-42DE-83C9-A900A800409C}.Release|Any CPU.ActiveCfg = Release|Any CPU
		{680BBDF1-F60C-42DE-83C9-A900A800409C}.Release|Any CPU.Build.0 = Release|Any CPU
	EndGlobalSection
	GlobalSection(SolutionProperties) = preSolution
		HideSolutionNode = FALSE
	EndGlobalSection
	GlobalSection(ExtensibilityGlobals) = postSolution
		SolutionGuid = {D9A87B88-7A3B-4434-A918-EDC061DB1D76}
	EndGlobalSection
EndGlobal
